<?xml version="1.0" encoding="utf-8"?>
<Project ToolsVersion="4.0" xmlns="http://schemas.microsoft.com/developer/msbuild/2003">
  <ItemGroup>
    <Filter Include="Source Files">
      <UniqueIdentifier>{4FC737F1-C7A5-4376-A066-2A32D752A2FF}</UniqueIdentifier>
      <Extensions>cpp;c;cc;cxx;def;odl;idl;hpj;bat;asm;asmx</Extensions>
    </Filter>
    <Filter Include="Header Files">
      <UniqueIdentifier>{93995380-89BD-4b04-88EB-625FBE52EBFB}</UniqueIdentifier>
      <Extensions>h;hh;hpp;hxx;hm;inl;inc;xsd</Extensions>
    </Filter>
    <Filter Include="Source Files\src">
      <UniqueIdentifier>{98b9811c-6eed-4470-bb2f-a73c04c18bf6}</UniqueIdentifier>
    </Filter>
    <Filter Include="Source Files\src\TFTP.ASIO">
      <UniqueIdentifier>{128fdbeb-52e7-4b81-897e-dc5cfa30b6f0}</UniqueIdentifier>
    </Filter>
    <Filter Include="Source Files\src\TFTP.ASIO\tftp_impl">
      <UniqueIdentifier>{d86d9422-5a27-4cec-8eb3-45b5e6a6f4b1}</UniqueIdentifier>
    </Filter>
  </ItemGroup>
  <ItemGroup>
    <ClCompile Include="..\..\src\tftp_client.cpp">
      <Filter>Source Files\src</Filter>
    </ClCompile>
    <ClCompile Include="..\..\src\TFTP.ASIO\AsioTFTPClient.cpp">
      <Filter>Source Files\src\TFTP.ASIO</Filter>
    </ClCompile>
    <ClCompile Include="..\..\src\TFTP.ASIO\tftp_impl\TFTPTransaction.cpp">
      <Filter>Source Files\src\TFTP.ASIO\tftp_impl</Filter>
    </ClCompile>
    <ClCompile Include="..\..\src\TFTP.ASIO\tftp_impl\TFTPFile.cpp">
      <Filter>Source Files\src\TFTP.ASIO\tftp_impl</Filter>
    </ClCompile>
    <ClCompile Include="..\..\src\TFTP.ASIO\tftp_impl\TFTPClientTransaction.cpp">
      <Filter>Source Files\src\TFTP.ASIO\tftp_impl</Filter>
    </ClCompile>
  </ItemGroup>
  <ItemGroup>
    <ClInclude Include="..\..\src\TFTP.ASIO\AsioTFTPClient.h">
      <Filter>Source Files\src\TFTP.ASIO</Filter>
    </ClInclude>
    <ClInclude Include="..\..\src\TFTP.ASIO\tftp_impl\TFTPPacket.h">
      <Filter>Source Files\src\TFTP.ASIO\tftp_impl</Filter>
    </ClInclude>
    <ClInclude Include="..\..\src\TFTP.ASIO\tftp_impl\TFTPTransaction.h">
      <Filter>Source Files\src\TFTP.ASIO\tftp_impl</Filter>
    </ClInclude>
    <ClInclude Include="..\..\src\TFTP.ASIO\tftp_impl\TFTPTransport.h">
      <Filter>Source Files\src\TFTP.ASIO\tftp_impl</Filter>
    </ClInclude>
    <ClInclude Include="..\..\src\TFTP.ASIO\tftp_impl\TFTPFile.h">
      <Filter>Source Files\src\TFTP.ASIO\tftp_impl</Filter>
    </ClInclude>
    <ClInclude Include="..\..\src\TFTP.ASIO\tftp_impl\TFTPClientTransaction.h">
      <Filter>Source Files\src\TFTP.ASIO\tftp_impl</Filter>
    </ClInclude>
  </ItemGroup>
</Project>